Microsoft Visual Studio Solution File, Format Version 12.00
# Visual Studio 15
VisualStudioVersion = 15.0.27130.2020
MinimumVisualStudioVersion = 10.0.40219.1
Project("{9A19103F-16F7-4668-BE54-9A1E7A4F7556}") = "PersistenceLayer", "PersistenceLayer\PersistenceLayer.csproj", "{2B8F44BB-FE24-4E4B-8AA9-154D7D1214AB}"
EndProject
Project("{9A19103F-16F7-4668-BE54-9A1E7A4F7556}") = "WebAPI", "WebAPI\WebAPI.csproj", "{26DEC819-F3FC-43CF-AF02-61CF633D037A}"
EndProject
Project("{FAE04EC0-301F-11D3-BF4B-00C04F79EFBC}") = "FrontEnd", "FrontEnd\FrontEnd.csproj", "{6C33EA64-8C27-4C9F-B8FF-3092239831FC}"
EndProject
Global
	GlobalSection(SolutionConfigurationPlatforms) = preSolution
		Debug|Any CPU = Debug|Any CPU
		Debug|x64 = Debug|x64
		Debug|x86 = Debug|x86
		Release|Any CPU = Release|Any CPU
		Release|x64 = Release|x64
		Release|x86 = Release|x86
	EndGlobalSection
	GlobalSection(ProjectConfigurationPlatforms) = postSolution
		{2B8F44BB-FE24-4E4B-8AA9-154D7D1214AB}.Debug|Any CPU.ActiveCfg = Debug|Any CPU
		{2B8F44BB-FE24-4E4B-8AA9-154D7D1214AB}.Debug|Any CPU.Build.0 = Debug|Any CPU
		{2B8F44BB-FE24-4E4B-8AA9-154D7D1214AB}.Debug|x64.ActiveCfg = Debug|Any CPU
		{2B8F44BB-FE24-4E4B-8AA9-154D7D1214AB}.Debug|x64.Build.0 = Debug|Any CPU
		{2B8F44BB-FE24-4E4B-8AA9-154D7D1214AB}.Debug|x86.ActiveCfg = Debug|Any CPU
		{2B8F44BB-FE24-4E4B-8AA9-154D7D1214AB}.Debug|x86.Build.0 = Debug|Any CPU
		{2B8F44BB-FE24-4E4B-8AA9-154D7D1214AB}.Release|Any CPU.ActiveCfg = Release|Any CPU
		{2B8F44BB-FE24-4E4B-8AA9-154D7D1214AB}.Release|Any CPU.Build.0 = Release|Any CPU
		{2B8F44BB-FE24-4E4B-8AA9-154D7D1214AB}.Release|x64.ActiveCfg = Release|Any CPU
		{2B8F44BB-FE24-4E4B-8AA9-154D7D1214AB}.Release|x64.Build.0 = Release|Any CPU
		{2B8F44BB-FE24-4E4B-8AA9-154D7D1214AB}.Release|x86.ActiveCfg = Release|Any CPU
		{2B8F44BB-FE24-4E4B-8AA9-154D7D1214AB}.Release|x86.Build.0 = Release|Any CPU
		{26DEC819-F3FC-43CF-AF02-61CF633D037A}.Debug|Any CPU.ActiveCfg = Debug|Any CPU
		{26DEC819-F3FC-43CF-AF02-61CF633D037A}.Debug|Any CPU.Build.0 = Debug|Any CPU
		{26DEC819-F3FC-43CF-AF02-61CF633D037A}.Debug|x64.ActiveCfg = Debug|Any CPU
		{26DEC819-F3FC-43CF-AF02-61CF633D037A}.Debug|x64.Build.0 = Debug|Any CPU
		{26DEC819-F3FC-43CF-AF02-61CF633D037A}.Debug|x86.ActiveCfg = Debug|Any CPU
		{26DEC819-F3FC-43CF-AF02-61CF633D037A}.Debug|x86.Build.0 = Debug|Any CPU
		{26DEC819-F3FC-43CF-AF02-61CF633D037A}.Release|Any CPU.ActiveCfg = Release|Any CPU
		{26DEC819-F3FC-43CF-AF02-61CF633D037A}.Release|Any CPU.Build.0 = Release|Any CPU
		{26DEC819-F3FC-43CF-AF02-61CF633D037A}.Release|x64.ActiveCfg = Release|Any CPU
		{26DEC819-F3FC-43CF-AF02-61CF633D037A}.Release|x64.Build.0 = Release|Any CPU
		{26DEC819-F3FC-43CF-AF02-61CF633D037A}.Release|x86.ActiveCfg = Release|Any CPU
		{26DEC819-F3FC-43CF-AF02-61CF633D037A}.Release|x86.Build.0 = Release|Any CPU
		{6C33EA64-8C27-4C9F-B8FF-3092239831FC}.Debug|Any CPU.ActiveCfg = Debug|Any CPU
		{6C33EA64-8C27-4C9F-B8FF-3092239831FC}.Debug|Any CPU.Build.0 = Debug|Any CPU
		{6C33EA64-8C27-4C9F-B8FF-3092239831FC}.Debug|x64.ActiveCfg = Debug|Any CPU
		{6C33EA64-8C27-4C9F-B8FF-3092239831FC}.Debug|x64.Build.0 = Debug|Any CPU
		{6C33EA64-8C27-4C9F-B8FF-3092239831FC}.Debug|x86.ActiveCfg = Debug|Any CPU
		{6C33EA64-8C27-4C9F-B8FF-3092239831FC}.Debug|x86.Build.0 = Debug|Any CPU
		{6C33EA64-8C27-4C9F-B8FF-3092239831FC}.Release|Any CPU.ActiveCfg = Release|Any CPU
		{6C33EA64-8C27-4C9F-B8FF-3092239831FC}.Release|Any CPU.Build.0 = Release|Any CPU
		{6C33EA64-8C27-4C9F-B8FF-3092239831FC}.Release|x64.ActiveCfg = Release|Any CPU
		{6C33EA64-8C27-4C9F-B8FF-3092239831FC}.Release|x64.Build.0 = Release|Any CPU
		{6C33EA64-8C27-4C9F-B8FF-3092239831FC}.Release|x86.ActiveCfg = Release|Any CPU
		{6C33EA64-8C27-4C9F-B8FF-3092239831FC}.Release|x86.Build.0 = Release|Any CPU
	EndGlobalSection
	GlobalSection(SolutionProperties) = preSolution
		HideSolutionNode = FALSE
	EndGlobalSection
	GlobalSection(ExtensibilityGlobals) = postSolution
		SolutionGuid = {882B4092-30E0-46AE-91D5-D9F4621FEE8A}
	EndGlobalSection
EndGlobal
